# This file is automatically @generated by Poetry 1.6.1 and should not be changed by hand.

[[package]]
name = "base58"
version = "2.1.1"
description = "Base58 and Base58Check implementation."
optional = false
python-versions = ">=3.5"
files = [
    {file = "base58-2.1.1-py3-none-any.whl", hash = "sha256:11a36f4d3ce51dfc1043f3218591ac4eb1ceb172919cebe05b52a5bcc8d245c2"},
    {file = "base58-2.1.1.tar.gz", hash = "sha256:c5d0cb3f5b6e81e8e35da5754388ddcc6d0d14b6c6a132cb93d69ed580a7278c"},
]

[package.extras]
tests = ["PyHamcrest (>=2.0.2)", "mypy", "pytest (>=4.6)", "pytest-benchmark", "pytest-cov", "pytest-flake8"]

[[package]]
name = "morphys"
version = "1.0"
description = "Smart conversions between unicode and bytes types for common cases"
optional = false
python-versions = "*"
files = [
    {file = "morphys-1.0-py2.py3-none-any.whl", hash = "sha256:76d6dbaa4d65f597e59d332c81da786d83e4669387b9b2a750cfec74e7beec20"},
]

[[package]]
name = "py-multibase"
version = "1.0.3"
description = "Multibase implementation for Python"
optional = false
python-versions = "*"
files = [
    {file = "py-multibase-1.0.3.tar.gz", hash = "sha256:d28a20efcbb61eec28f55827a0bf329c7cea80fffd933aecaea6ae8431267fe4"},
    {file = "py_multibase-1.0.3-py2.py3-none-any.whl", hash = "sha256:2677c1fafcc0ae15ddb9c7f444c5becc2530b3889124fd4fa2959ddfefb8c15b"},
]

[package.dependencies]
morphys = ">=1.0,<2.0"
python-baseconv = ">=1.2.0,<2.0"
six = ">=1.10.0,<2.0"

[[package]]
name = "py-multicodec"
version = "0.2.1"
description = "Multicodec implementation in Python"
optional = false
python-versions = "*"
files = [
    {file = "py-multicodec-0.2.1.tar.gz", hash = "sha256:83021ffe8c0e272d19b5b86bc5b39efa67c8e9f4735ce6cafdbc1ace767ec647"},
    {file = "py_multicodec-0.2.1-py2.py3-none-any.whl", hash = "sha256:55b6bb53088a63e56c434cb11b29795e8805652bac43d50a8f2a9bcf5ca84e1f"},
]

[package.dependencies]
morphys = ">=1.0,<2.0"
six = ">=1.10.0,<2.0"
varint = ">=1.0.2,<2.0.0"

[[package]]
name = "py-multiformats-cid"
version = "0.4.4"
description = "Self-describing content-addressed identifiers for distributed systems"
optional = false
python-versions = ">=3.6"
files = [
    {file = "py_multiformats_cid-0.4.4-py2.py3-none-any.whl", hash = "sha256:83f6c3109ed56664799c7367703a68d1724b1e9bd79b45c8935c77660560d1dd"},
]

[package.dependencies]
base58 = "*"
morphys = "*"
py-multibase = "*"
py-multicodec = "*"
py-multihash = "*"

[[package]]
name = "py-multihash"
version = "2.0.1"
description = "Multihash implementation in Python"
optional = false
python-versions = "*"
files = [
    {file = "py-multihash-2.0.1.tar.gz", hash = "sha256:b97511a87b7091f8b37a3d74ccb4a898e133529e7c5e431f9a27f78248a75e60"},
    {file = "py_multihash-2.0.1-py2.py3-none-any.whl", hash = "sha256:c388728b3456d35cd6668b42a3d9ba32dd640493c8e93b992979668dcf2c0676"},
]

[package.dependencies]
base58 = ">=1.0.2,<3.0"
morphys = ">=1.0,<2.0"
six = ">=1.10.0,<2.0"
varint = ">=1.0.2,<2.0"

[[package]]
name = "python-baseconv"
version = "1.2.2"
description = "Convert numbers from base 10 integers to base X strings and back again."
optional = false
python-versions = "*"
files = [
    {file = "python-baseconv-1.2.2.tar.gz", hash = "sha256:0539f8bd0464013b05ad62e0a1673f0ac9086c76b43ebf9f833053527cd9931b"},
]

[[package]]
name = "six"
version = "1.16.0"
description = "Python 2 and 3 compatibility utilities"
optional = false
python-versions = ">=2.7, !=3.0.*, !=3.1.*, !=3.2.*"
files = [
    {file = "six-1.16.0-py2.py3-none-any.whl", hash = "sha256:8abb2f1d86890a2dfb989f9a77cfcfd3e47c2a354b01111771326f8aa26e0254"},
    {file = "six-1.16.0.tar.gz", hash = "sha256:1e61c37477a1626458e36f7b1d82aa5c9b094fa4802892072e49de9c60c4c926"},
]

[[package]]
name = "varint"
version = "1.0.2"
description = "Simple python varint implementation"
optional = false
python-versions = "*"
files = [
    {file = "varint-1.0.2.tar.gz", hash = "sha256:a6ecc02377ac5ee9d65a6a8ad45c9ff1dac8ccee19400a5950fb51d594214ca5"},
]

[metadata]
lock-version = "2.0"
python-versions = "^3.9"
content-hash = "f04f79990d2b7152db79a386b504a5e4b2c29ee33c13f17bdb6c22024dcea9f4"
